# This file is automatically @generated by Cargo.
# It is not intended for manual editing.
[[package]]
name = "autocfg"
version = "0.1.6"
source = "registry+https://github.com/rust-lang/crates.io-index"

[[package]]
name = "chrono"
version = "0.4.9"
source = "registry+https://github.com/rust-lang/crates.io-index"
dependencies = [
 "libc 0.2.62 (registry+https://github.com/rust-lang/crates.io-index)",
 "num-integer 0.1.41 (registry+https://github.com/rust-lang/crates.io-index)",
 "num-traits 0.2.8 (registry+https://github.com/rust-lang/crates.io-index)",
 "time 0.1.42 (registry+https://github.com/rust-lang/crates.io-index)",
]

[[package]]
name = "futures-channel-preview"
version = "0.3.0-alpha.18"
source = "registry+https://github.com/rust-lang/crates.io-index"
dependencies = [
 "futures-core-preview 0.3.0-alpha.18 (registry+https://github.com/rust-lang/crates.io-index)",
 "futures-sink-preview 0.3.0-alpha.18 (registry+https://github.com/rust-lang/crates.io-index)",
]

[[package]]
name = "futures-core-preview"
version = "0.3.0-alpha.18"
source = "registry+https://github.com/rust-lang/crates.io-index"

[[package]]
name = "futures-executor-preview"
version = "0.3.0-alpha.18"
source = "registry+https://github.com/rust-lang/crates.io-index"
dependencies = [
 "futures-core-preview 0.3.0-alpha.18 (registry+https://github.com/rust-lang/crates.io-index)",
 "futures-util-preview 0.3.0-alpha.18 (registry+https://github.com/rust-lang/crates.io-index)",
 "num_cpus 1.10.1 (registry+https://github.com/rust-lang/crates.io-index)",
]

[[package]]
name = "futures-io-preview"
version = "0.3.0-alpha.18"
source = "registry+https://github.com/rust-lang/crates.io-index"

[[package]]
name = "futures-preview"
version = "0.3.0-alpha.18"
source = "registry+https://github.com/rust-lang/crates.io-index"
dependencies = [
 "futures-channel-preview 0.3.0-alpha.18 (registry+https://github.com/rust-lang/crates.io-index)",
 "futures-core-preview 0.3.0-alpha.18 (registry+https://github.com/rust-lang/crates.io-index)",
 "futures-executor-preview 0.3.0-alpha.18 (registry+https://github.com/rust-lang/crates.io-index)",
 "futures-io-preview 0.3.0-alpha.18 (registry+https://github.com/rust-lang/crates.io-index)",
 "futures-sink-preview 0.3.0-alpha.18 (registry+https://github.com/rust-lang/crates.io-index)",
 "futures-util-preview 0.3.0-alpha.18 (registry+https://github.com/rust-lang/crates.io-index)",
]

[[package]]
name = "futures-sink-preview"
version = "0.3.0-alpha.18"
source = "registry+https://github.com/rust-lang/crates.io-index"
dependencies = [
 "futures-core-preview 0.3.0-alpha.18 (registry+https://github.com/rust-lang/crates.io-index)",
]

[[package]]
name = "futures-util-preview"
version = "0.3.0-alpha.18"
source = "registry+https://github.com/rust-lang/crates.io-index"
dependencies = [
 "futures-channel-preview 0.3.0-alpha.18 (registry+https://github.com/rust-lang/crates.io-index)",
 "futures-core-preview 0.3.0-alpha.18 (registry+https://github.com/rust-lang/crates.io-index)",
 "futures-io-preview 0.3.0-alpha.18 (registry+https://github.com/rust-lang/crates.io-index)",
 "futures-sink-preview 0.3.0-alpha.18 (registry+https://github.com/rust-lang/crates.io-index)",
 "memchr 2.2.1 (registry+https://github.com/rust-lang/crates.io-index)",
 "pin-utils 0.1.0-alpha.4 (registry+https://github.com/rust-lang/crates.io-index)",
 "slab 0.4.2 (registry+https://github.com/rust-lang/crates.io-index)",
]

[[package]]
name = "lazy_static"
version = "1.4.0"
source = "registry+https://github.com/rust-lang/crates.io-index"

[[package]]
name = "libc"
version = "0.2.62"
source = "registry+https://github.com/rust-lang/crates.io-index"

[[package]]
name = "memchr"
version = "2.2.1"
source = "registry+https://github.com/rust-lang/crates.io-index"

[[package]]
name = "num-integer"
version = "0.1.41"
source = "registry+https://github.com/rust-lang/crates.io-index"
dependencies = [
 "autocfg 0.1.6 (registry+https://github.com/rust-lang/crates.io-index)",
 "num-traits 0.2.8 (registry+https://github.com/rust-lang/crates.io-index)",
]

[[package]]
name = "num-traits"
version = "0.2.8"
source = "registry+https://github.com/rust-lang/crates.io-index"
dependencies = [
 "autocfg 0.1.6 (registry+https://github.com/rust-lang/crates.io-index)",
]

[[package]]
name = "num_cpus"
version = "1.10.1"
source = "registry+https://github.com/rust-lang/crates.io-index"
dependencies = [
 "libc 0.2.62 (registry+https://github.com/rust-lang/crates.io-index)",
]

[[package]]
name = "pin-utils"
version = "0.1.0-alpha.4"
source = "registry+https://github.com/rust-lang/crates.io-index"

[[package]]
name = "redox_syscall"
version = "0.1.56"
source = "registry+https://github.com/rust-lang/crates.io-index"

[[package]]
name = "rust-demo-code"
version = "0.1.0"
dependencies = [
 "chrono 0.4.9 (registry+https://github.com/rust-lang/crates.io-index)",
 "futures-core-preview 0.3.0-alpha.18 (registry+https://github.com/rust-lang/crates.io-index)",
 "futures-preview 0.3.0-alpha.18 (registry+https://github.com/rust-lang/crates.io-index)",
 "futures-sink-preview 0.3.0-alpha.18 (registry+https://github.com/rust-lang/crates.io-index)",
 "futures-util-preview 0.3.0-alpha.18 (registry+https://github.com/rust-lang/crates.io-index)",
 "lazy_static 1.4.0 (registry+https://github.com/rust-lang/crates.io-index)",
]

[[package]]
name = "slab"
version = "0.4.2"
source = "registry+https://github.com/rust-lang/crates.io-index"

[[package]]
name = "time"
version = "0.1.42"
source = "registry+https://github.com/rust-lang/crates.io-index"
dependencies = [
 "libc 0.2.62 (registry+https://github.com/rust-lang/crates.io-index)",
 "redox_syscall 0.1.56 (registry+https://github.com/rust-lang/crates.io-index)",
 "winapi 0.3.8 (registry+https://github.com/rust-lang/crates.io-index)",
]

[[package]]
name = "winapi"
version = "0.3.8"
source = "registry+https://github.com/rust-lang/crates.io-index"
dependencies = [
 "winapi-i686-pc-windows-gnu 0.4.0 (registry+https://github.com/rust-lang/crates.io-index)",
 "winapi-x86_64-pc-windows-gnu 0.4.0 (registry+https://github.com/rust-lang/crates.io-index)",
]

[[package]]
name = "winapi-i686-pc-windows-gnu"
version = "0.4.0"
source = "registry+https://github.com/rust-lang/crates.io-index"

[[package]]
name = "winapi-x86_64-pc-windows-gnu"
version = "0.4.0"
source = "registry+https://github.com/rust-lang/crates.io-index"

[metadata]
"checksum autocfg 0.1.6 (registry+https://github.com/rust-lang/crates.io-index)" = "b671c8fb71b457dd4ae18c4ba1e59aa81793daacc361d82fcd410cef0d491875"
"checksum chrono 0.4.9 (registry+https://github.com/rust-lang/crates.io-index)" = "e8493056968583b0193c1bb04d6f7684586f3726992d6c573261941a895dbd68"
"checksum futures-channel-preview 0.3.0-alpha.18 (registry+https://github.com/rust-lang/crates.io-index)" = "f477fd0292c4a4ae77044454e7f2b413207942ad405f759bb0b4698b7ace5b12"
"checksum futures-core-preview 0.3.0-alpha.18 (registry+https://github.com/rust-lang/crates.io-index)" = "4a2f26f774b81b3847dcda0c81bd4b6313acfb4f69e5a0390c7cb12c058953e9"
"checksum futures-executor-preview 0.3.0-alpha.18 (registry+https://github.com/rust-lang/crates.io-index)" = "80705612926df8a1bc05f0057e77460e29318801f988bf7d803a734cf54e7528"
"checksum futures-io-preview 0.3.0-alpha.18 (registry+https://github.com/rust-lang/crates.io-index)" = "ee7de0c1c9ed23f9457b0437fec7663ce64d9cc3c906597e714e529377b5ddd1"
"checksum futures-preview 0.3.0-alpha.18 (registry+https://github.com/rust-lang/crates.io-index)" = "efa8f90c4fb2328e381f8adfd4255b4a2b696f77d1c63a3dee6700b564c4e4b5"
"checksum futures-sink-preview 0.3.0-alpha.18 (registry+https://github.com/rust-lang/crates.io-index)" = "e9b65a2481863d1b78e094a07e9c0eed458cc7dc6e72b22b7138b8a67d924859"
"checksum futures-util-preview 0.3.0-alpha.18 (registry+https://github.com/rust-lang/crates.io-index)" = "7df53daff1e98cc024bf2720f3ceb0414d96fbb0a94f3cad3a5c3bf3be1d261c"
"checksum lazy_static 1.4.0 (registry+https://github.com/rust-lang/crates.io-index)" = "e2abad23fbc42b3700f2f279844dc832adb2b2eb069b2df918f455c4e18cc646"
"checksum libc 0.2.62 (registry+https://github.com/rust-lang/crates.io-index)" = "34fcd2c08d2f832f376f4173a231990fa5aef4e99fb569867318a227ef4c06ba"
"checksum memchr 2.2.1 (registry+https://github.com/rust-lang/crates.io-index)" = "88579771288728879b57485cc7d6b07d648c9f0141eb955f8ab7f9d45394468e"
"checksum num-integer 0.1.41 (registry+https://github.com/rust-lang/crates.io-index)" = "b85e541ef8255f6cf42bbfe4ef361305c6c135d10919ecc26126c4e5ae94bc09"
"checksum num-traits 0.2.8 (registry+https://github.com/rust-lang/crates.io-index)" = "6ba9a427cfca2be13aa6f6403b0b7e7368fe982bfa16fccc450ce74c46cd9b32"
"checksum num_cpus 1.10.1 (registry+https://github.com/rust-lang/crates.io-index)" = "bcef43580c035376c0705c42792c294b66974abbfd2789b511784023f71f3273"
"checksum pin-utils 0.1.0-alpha.4 (registry+https://github.com/rust-lang/crates.io-index)" = "5894c618ce612a3fa23881b152b608bafb8c56cfc22f434a3ba3120b40f7b587"
"checksum redox_syscall 0.1.56 (registry+https://github.com/rust-lang/crates.io-index)" = "2439c63f3f6139d1b57529d16bc3b8bb855230c8efcc5d3a896c8bea7c3b1e84"
"checksum slab 0.4.2 (registry+https://github.com/rust-lang/crates.io-index)" = "c111b5bd5695e56cffe5129854aa230b39c93a305372fdbb2668ca2394eea9f8"
"checksum time 0.1.42 (registry+https://github.com/rust-lang/crates.io-index)" = "db8dcfca086c1143c9270ac42a2bbd8a7ee477b78ac8e45b19abfb0cbede4b6f"
"checksum winapi 0.3.8 (registry+https://github.com/rust-lang/crates.io-index)" = "8093091eeb260906a183e6ae1abdba2ef5ef2257a21801128899c3fc699229c6"
"checksum winapi-i686-pc-windows-gnu 0.4.0 (registry+https://github.com/rust-lang/crates.io-index)" = "ac3b87c63620426dd9b991e5ce0329eff545bccbbb34f3be09ff6fb6ab51b7b6"
"checksum winapi-x86_64-pc-windows-gnu 0.4.0 (registry+https://github.com/rust-lang/crates.io-index)" = "712e227841d057c1ee1cd2fb22fa7e5a5461ae8e48fa2ca79ec42cfc1931183f"
